// !$*UTF8*$!
{
	archiveVersion = 1;
	classes = {
	};
	objectVersion = 51;
	objects = {

/* Begin PBXBuildFile section */
		571147585B32FE91B5078E25 /* Pods_pocketMM.framework in Frameworks */ = {isa = PBXBuildFile; fileRef = 8C0A46DACC518B5F85761BFE /* Pods_pocketMM.framework */; };
		BE687A0CEDBFEEE714E8B9FE /* Pods_pocketMMTests.framework in Frameworks */ = {isa = PBXBuildFile; fileRef = E5793DAC26627CB4C75B6EF4 /* Pods_pocketMMTests.framework */; };
		D3F0B52BF8D5CDE27A5639FA /* Pods_pocketMM_pocketMMUITests.framework in Frameworks */ = {isa = PBXBuildFile; fileRef = 294A4BCAE669758AD0F51994 /* Pods_pocketMM_pocketMMUITests.framework */; };
		E06E730C24556FF600797988 /* LoginController.swift in Sources */ = {isa = PBXBuildFile; fileRef = E06E730B24556FF600797988 /* LoginController.swift */; };
		E06E730E245571BC00797988 /* MainPageController.swift in Sources */ = {isa = PBXBuildFile; fileRef = E06E730D245571BC00797988 /* MainPageController.swift */; };
		E06E7310245576E900797988 /* GoalPageController.swift in Sources */ = {isa = PBXBuildFile; fileRef = E06E730F245576E900797988 /* GoalPageController.swift */; };
		E06E731224557CA400797988 /* AddGoalController.swift in Sources */ = {isa = PBXBuildFile; fileRef = E06E731124557CA400797988 /* AddGoalController.swift */; };
		E06E731424557CF500797988 /* SummaryController.swift in Sources */ = {isa = PBXBuildFile; fileRef = E06E731324557CF500797988 /* SummaryController.swift */; };
		E06E731624557DB400797988 /* AlertPageController.swift in Sources */ = {isa = PBXBuildFile; fileRef = E06E731524557DB400797988 /* AlertPageController.swift */; };
		E06E731824557DDA00797988 /* SettingsController.swift in Sources */ = {isa = PBXBuildFile; fileRef = E06E731724557DDA00797988 /* SettingsController.swift */; };
		E092DE92244A91F2005960FB /* User.swift in Sources */ = {isa = PBXBuildFile; fileRef = E092DE91244A91F2005960FB /* User.swift */; };
		E092DE95244A921C005960FB /* TransactionData.swift in Sources */ = {isa = PBXBuildFile; fileRef = E092DE94244A921C005960FB /* TransactionData.swift */; };
		E092DE97244A9242005960FB /* PlaidAPIManager.swift in Sources */ = {isa = PBXBuildFile; fileRef = E092DE96244A9242005960FB /* PlaidAPIManager.swift */; };
		E092DE9B244B026B005960FB /* WebKit.framework in Frameworks */ = {isa = PBXBuildFile; fileRef = E092DE9A244B026B005960FB /* WebKit.framework */; };
		E0D54820243D8AF6009A9E27 /* AppDelegate.swift in Sources */ = {isa = PBXBuildFile; fileRef = E0D5481F243D8AF6009A9E27 /* AppDelegate.swift */; };
		E0D54822243D8AF6009A9E27 /* CreateUserController.swift in Sources */ = {isa = PBXBuildFile; fileRef = E0D54821243D8AF6009A9E27 /* CreateUserController.swift */; };
		E0D54825243D8AF6009A9E27 /* Main.storyboard in Resources */ = {isa = PBXBuildFile; fileRef = E0D54823243D8AF6009A9E27 /* Main.storyboard */; };
		E0D54828243D8AF6009A9E27 /* pocketMM.xcdatamodeld in Sources */ = {isa = PBXBuildFile; fileRef = E0D54826243D8AF6009A9E27 /* pocketMM.xcdatamodeld */; };
		E0D5482A243D8AF7009A9E27 /* Assets.xcassets in Resources */ = {isa = PBXBuildFile; fileRef = E0D54829243D8AF7009A9E27 /* Assets.xcassets */; };
		E0D5482D243D8AF7009A9E27 /* LaunchScreen.storyboard in Resources */ = {isa = PBXBuildFile; fileRef = E0D5482B243D8AF7009A9E27 /* LaunchScreen.storyboard */; };
		E0D54838243D8AF7009A9E27 /* pocketMMTests.swift in Sources */ = {isa = PBXBuildFile; fileRef = E0D54837243D8AF7009A9E27 /* pocketMMTests.swift */; };
		E0D54843243D8AF7009A9E27 /* pocketMMUITests.swift in Sources */ = {isa = PBXBuildFile; fileRef = E0D54842243D8AF7009A9E27 /* pocketMMUITests.swift */; };
		E0E0D4D32456B7D000852284 /* GoogleService-Info.plist in Resources */ = {isa = PBXBuildFile; fileRef = E0E0D4D22456B7CF00852284 /* GoogleService-Info.plist */; };
		E0E0D4D52456C1F300852284 /* StartPageController.swift in Sources */ = {isa = PBXBuildFile; fileRef = E0E0D4D42456C1F300852284 /* StartPageController.swift */; };
/* End PBXBuildFile section */

/* Begin PBXContainerItemProxy section */
		E0D54834243D8AF7009A9E27 /* PBXContainerItemProxy */ = {
			isa = PBXContainerItemProxy;
			containerPortal = E0D54814243D8AF6009A9E27 /* Project object */;
			proxyType = 1;
			remoteGlobalIDString = E0D5481B243D8AF6009A9E27;
			remoteInfo = pocketMM;
		};
		E0D5483F243D8AF7009A9E27 /* PBXContainerItemProxy */ = {
			isa = PBXContainerItemProxy;
			containerPortal = E0D54814243D8AF6009A9E27 /* Project object */;
			proxyType = 1;
			remoteGlobalIDString = E0D5481B243D8AF6009A9E27;
			remoteInfo = pocketMM;
		};
/* End PBXContainerItemProxy section */

/* Begin PBXFileReference section */
		294A4BCAE669758AD0F51994 /* Pods_pocketMM_pocketMMUITests.framework */ = {isa = PBXFileReference; explicitFileType = wrapper.framework; includeInIndex = 0; path = Pods_pocketMM_pocketMMUITests.framework; sourceTree = BUILT_PRODUCTS_DIR; };
		3B62643BA75F9619EAFAF404 /* Pods-pocketMM.release.xcconfig */ = {isa = PBXFileReference; includeInIndex = 1; lastKnownFileType = text.xcconfig; name = "Pods-pocketMM.release.xcconfig"; path = "Target Support Files/Pods-pocketMM/Pods-pocketMM.release.xcconfig"; sourceTree = "<group>"; };
		3CB1C3EDD3E45532BFAA731A /* Pods-pocketMM-pocketMMUITests.release.xcconfig */ = {isa = PBXFileReference; includeInIndex = 1; lastKnownFileType = text.xcconfig; name = "Pods-pocketMM-pocketMMUITests.release.xcconfig"; path = "Target Support Files/Pods-pocketMM-pocketMMUITests/Pods-pocketMM-pocketMMUITests.release.xcconfig"; sourceTree = "<group>"; };
		8C0A46DACC518B5F85761BFE /* Pods_pocketMM.framework */ = {isa = PBXFileReference; explicitFileType = wrapper.framework; includeInIndex = 0; path = Pods_pocketMM.framework; sourceTree = BUILT_PRODUCTS_DIR; };
		8CBFB78F76700D4DDFEAD25B /* Pods-pocketMM.debug.xcconfig */ = {isa = PBXFileReference; includeInIndex = 1; lastKnownFileType = text.xcconfig; name = "Pods-pocketMM.debug.xcconfig"; path = "Target Support Files/Pods-pocketMM/Pods-pocketMM.debug.xcconfig"; sourceTree = "<group>"; };
		A32105EE0DA9DD46B64FEC63 /* Pods-pocketMMTests.release.xcconfig */ = {isa = PBXFileReference; includeInIndex = 1; lastKnownFileType = text.xcconfig; name = "Pods-pocketMMTests.release.xcconfig"; path = "Target Support Files/Pods-pocketMMTests/Pods-pocketMMTests.release.xcconfig"; sourceTree = "<group>"; };
		B54FA31A9C6289ED2B8A4271 /* Pods-pocketMMTests.debug.xcconfig */ = {isa = PBXFileReference; includeInIndex = 1; lastKnownFileType = text.xcconfig; name = "Pods-pocketMMTests.debug.xcconfig"; path = "Target Support Files/Pods-pocketMMTests/Pods-pocketMMTests.debug.xcconfig"; sourceTree = "<group>"; };
		C683C415D5ADE767F0056B16 /* Pods-pocketMM-pocketMMUITests.debug.xcconfig */ = {isa = PBXFileReference; includeInIndex = 1; lastKnownFileType = text.xcconfig; name = "Pods-pocketMM-pocketMMUITests.debug.xcconfig"; path = "Target Support Files/Pods-pocketMM-pocketMMUITests/Pods-pocketMM-pocketMMUITests.debug.xcconfig"; sourceTree = "<group>"; };
		E06E730B24556FF600797988 /* LoginController.swift */ = {isa = PBXFileReference; lastKnownFileType = sourcecode.swift; path = LoginController.swift; sourceTree = "<group>"; };
		E06E730D245571BC00797988 /* MainPageController.swift */ = {isa = PBXFileReference; lastKnownFileType = sourcecode.swift; path = MainPageController.swift; sourceTree = "<group>"; };
		E06E730F245576E900797988 /* GoalPageController.swift */ = {isa = PBXFileReference; lastKnownFileType = sourcecode.swift; path = GoalPageController.swift; sourceTree = "<group>"; };
		E06E731124557CA400797988 /* AddGoalController.swift */ = {isa = PBXFileReference; lastKnownFileType = sourcecode.swift; path = AddGoalController.swift; sourceTree = "<group>"; };
		E06E731324557CF500797988 /* SummaryController.swift */ = {isa = PBXFileReference; lastKnownFileType = sourcecode.swift; path = SummaryController.swift; sourceTree = "<group>"; };
		E06E731524557DB400797988 /* AlertPageController.swift */ = {isa = PBXFileReference; lastKnownFileType = sourcecode.swift; path = AlertPageController.swift; sourceTree = "<group>"; };
		E06E731724557DDA00797988 /* SettingsController.swift */ = {isa = PBXFileReference; lastKnownFileType = sourcecode.swift; path = SettingsController.swift; sourceTree = "<group>"; };
		E092DE91244A91F2005960FB /* User.swift */ = {isa = PBXFileReference; lastKnownFileType = sourcecode.swift; path = User.swift; sourceTree = "<group>"; };
		E092DE94244A921C005960FB /* TransactionData.swift */ = {isa = PBXFileReference; lastKnownFileType = sourcecode.swift; path = TransactionData.swift; sourceTree = "<group>"; };
		E092DE96244A9242005960FB /* PlaidAPIManager.swift */ = {isa = PBXFileReference; lastKnownFileType = sourcecode.swift; path = PlaidAPIManager.swift; sourceTree = "<group>"; };
		E092DE9A244B026B005960FB /* WebKit.framework */ = {isa = PBXFileReference; lastKnownFileType = wrapper.framework; name = WebKit.framework; path = System/Library/Frameworks/WebKit.framework; sourceTree = SDKROOT; };
		E0D5481C243D8AF6009A9E27 /* pocketMM.app */ = {isa = PBXFileReference; explicitFileType = wrapper.application; includeInIndex = 0; path = pocketMM.app; sourceTree = BUILT_PRODUCTS_DIR; };
		E0D5481F243D8AF6009A9E27 /* AppDelegate.swift */ = {isa = PBXFileReference; lastKnownFileType = sourcecode.swift; path = AppDelegate.swift; sourceTree = "<group>"; };
		E0D54821243D8AF6009A9E27 /* CreateUserController.swift */ = {isa = PBXFileReference; lastKnownFileType = sourcecode.swift; path = CreateUserController.swift; sourceTree = "<group>"; };
		E0D54824243D8AF6009A9E27 /* Base */ = {isa = PBXFileReference; lastKnownFileType = file.storyboard; name = Base; path = Base.lproj/Main.storyboard; sourceTree = "<group>"; };
		E0D54827243D8AF6009A9E27 /* pocketMM.xcdatamodel */ = {isa = PBXFileReference; lastKnownFileType = wrapper.xcdatamodel; path = pocketMM.xcdatamodel; sourceTree = "<group>"; };
		E0D54829243D8AF7009A9E27 /* Assets.xcassets */ = {isa = PBXFileReference; lastKnownFileType = folder.assetcatalog; path = Assets.xcassets; sourceTree = "<group>"; };
		E0D5482C243D8AF7009A9E27 /* Base */ = {isa = PBXFileReference; lastKnownFileType = file.storyboard; name = Base; path = Base.lproj/LaunchScreen.storyboard; sourceTree = "<group>"; };
		E0D5482E243D8AF7009A9E27 /* Info.plist */ = {isa = PBXFileReference; lastKnownFileType = text.plist.xml; path = Info.plist; sourceTree = "<group>"; };
		E0D54833243D8AF7009A9E27 /* pocketMMTests.xctest */ = {isa = PBXFileReference; explicitFileType = wrapper.cfbundle; includeInIndex = 0; path = pocketMMTests.xctest; sourceTree = BUILT_PRODUCTS_DIR; };
		E0D54837243D8AF7009A9E27 /* pocketMMTests.swift */ = {isa = PBXFileReference; lastKnownFileType = sourcecode.swift; path = pocketMMTests.swift; sourceTree = "<group>"; };
		E0D54839243D8AF7009A9E27 /* Info.plist */ = {isa = PBXFileReference; lastKnownFileType = text.plist.xml; path = Info.plist; sourceTree = "<group>"; };
		E0D5483E243D8AF7009A9E27 /* pocketMMUITests.xctest */ = {isa = PBXFileReference; explicitFileType = wrapper.cfbundle; includeInIndex = 0; path = pocketMMUITests.xctest; sourceTree = BUILT_PRODUCTS_DIR; };
		E0D54842243D8AF7009A9E27 /* pocketMMUITests.swift */ = {isa = PBXFileReference; lastKnownFileType = sourcecode.swift; path = pocketMMUITests.swift; sourceTree = "<group>"; };
		E0D54844243D8AF7009A9E27 /* Info.plist */ = {isa = PBXFileReference; lastKnownFileType = text.plist.xml; path = Info.plist; sourceTree = "<group>"; };
		E0E0D4D22456B7CF00852284 /* GoogleService-Info.plist */ = {isa = PBXFileReference; fileEncoding = 4; lastKnownFileType = text.plist.xml; path = "GoogleService-Info.plist"; sourceTree = "<group>"; };
		E0E0D4D42456C1F300852284 /* StartPageController.swift */ = {isa = PBXFileReference; lastKnownFileType = sourcecode.swift; path = StartPageController.swift; sourceTree = "<group>"; };
		E5793DAC26627CB4C75B6EF4 /* Pods_pocketMMTests.framework */ = {isa = PBXFileReference; explicitFileType = wrapper.framework; includeInIndex = 0; path = Pods_pocketMMTests.framework; sourceTree = BUILT_PRODUCTS_DIR; };
/* End PBXFileReference section */

/* Begin PBXFrameworksBuildPhase section */
		E0D54819243D8AF6009A9E27 /* Frameworks */ = {
			isa = PBXFrameworksBuildPhase;
			buildActionMask = 2147483647;
			files = (
				E092DE9B244B026B005960FB /* WebKit.framework in Frameworks */,
				571147585B32FE91B5078E25 /* Pods_pocketMM.framework in Frameworks */,
			);
			runOnlyForDeploymentPostprocessing = 0;
		};
		E0D54830243D8AF7009A9E27 /* Frameworks */ = {
			isa = PBXFrameworksBuildPhase;
			buildActionMask = 2147483647;
			files = (
				BE687A0CEDBFEEE714E8B9FE /* Pods_pocketMMTests.framework in Frameworks */,
			);
			runOnlyForDeploymentPostprocessing = 0;
		};
		E0D5483B243D8AF7009A9E27 /* Frameworks */ = {
			isa = PBXFrameworksBuildPhase;
			buildActionMask = 2147483647;
			files = (
				D3F0B52BF8D5CDE27A5639FA /* Pods_pocketMM_pocketMMUITests.framework in Frameworks */,
			);
			runOnlyForDeploymentPostprocessing = 0;
		};
/* End PBXFrameworksBuildPhase section */

/* Begin PBXGroup section */
		49FD354EE61ECC5DCC41FC86 /* Pods */ = {
			isa = PBXGroup;
			children = (
				8CBFB78F76700D4DDFEAD25B /* Pods-pocketMM.debug.xcconfig */,
				3B62643BA75F9619EAFAF404 /* Pods-pocketMM.release.xcconfig */,
				C683C415D5ADE767F0056B16 /* Pods-pocketMM-pocketMMUITests.debug.xcconfig */,
				3CB1C3EDD3E45532BFAA731A /* Pods-pocketMM-pocketMMUITests.release.xcconfig */,
				B54FA31A9C6289ED2B8A4271 /* Pods-pocketMMTests.debug.xcconfig */,
				A32105EE0DA9DD46B64FEC63 /* Pods-pocketMMTests.release.xcconfig */,
			);
			path = Pods;
			sourceTree = "<group>";
		};
		601300FDEE2CA6F6A5951B29 /* Frameworks */ = {
			isa = PBXGroup;
			children = (
				E092DE9A244B026B005960FB /* WebKit.framework */,
				8C0A46DACC518B5F85761BFE /* Pods_pocketMM.framework */,
				294A4BCAE669758AD0F51994 /* Pods_pocketMM_pocketMMUITests.framework */,
				E5793DAC26627CB4C75B6EF4 /* Pods_pocketMMTests.framework */,
			);
			name = Frameworks;
			sourceTree = "<group>";
		};
		E092DE8F244A91CA005960FB /* Controller */ = {
			isa = PBXGroup;
			children = (
				E06E731124557CA400797988 /* AddGoalController.swift */,
				E0D54821243D8AF6009A9E27 /* CreateUserController.swift */,
				E06E730B24556FF600797988 /* LoginController.swift */,
				E06E730D245571BC00797988 /* MainPageController.swift */,
				E06E730F245576E900797988 /* GoalPageController.swift */,
				E06E731324557CF500797988 /* SummaryController.swift */,
				E06E731524557DB400797988 /* AlertPageController.swift */,
				E06E731724557DDA00797988 /* SettingsController.swift */,
				E0E0D4D42456C1F300852284 /* StartPageController.swift */,
			);
			path = Controller;
			sourceTree = "<group>";
		};
		E092DE90244A91DB005960FB /* View */ = {
			isa = PBXGroup;
			children = (
				E0D54823243D8AF6009A9E27 /* Main.storyboard */,
			);
			path = View;
			sourceTree = "<group>";
		};
		E092DE93244A9201005960FB /* Model */ = {
			isa = PBXGroup;
			children = (
				E092DE96244A9242005960FB /* PlaidAPIManager.swift */,
				E092DE94244A921C005960FB /* TransactionData.swift */,
				E092DE91244A91F2005960FB /* User.swift */,
			);
			path = Model;
			sourceTree = "<group>";
		};
		E0D54813243D8AF6009A9E27 = {
			isa = PBXGroup;
			children = (
				E0D5481E243D8AF6009A9E27 /* pocketMM */,
				E0D54836243D8AF7009A9E27 /* pocketMMTests */,
				E0D54841243D8AF7009A9E27 /* pocketMMUITests */,
				E0D5481D243D8AF6009A9E27 /* Products */,
				49FD354EE61ECC5DCC41FC86 /* Pods */,
				601300FDEE2CA6F6A5951B29 /* Frameworks */,
			);
			sourceTree = "<group>";
		};
		E0D5481D243D8AF6009A9E27 /* Products */ = {
			isa = PBXGroup;
			children = (
				E0D5481C243D8AF6009A9E27 /* pocketMM.app */,
				E0D54833243D8AF7009A9E27 /* pocketMMTests.xctest */,
				E0D5483E243D8AF7009A9E27 /* pocketMMUITests.xctest */,
			);
			name = Products;
			sourceTree = "<group>";
		};
		E0D5481E243D8AF6009A9E27 /* pocketMM */ = {
			isa = PBXGroup;
			children = (
				E0D5481F243D8AF6009A9E27 /* AppDelegate.swift */,
				E092DE93244A9201005960FB /* Model */,
				E092DE90244A91DB005960FB /* View */,
				E092DE8F244A91CA005960FB /* Controller */,
				E0D54829243D8AF7009A9E27 /* Assets.xcassets */,
				E0E0D4D22456B7CF00852284 /* GoogleService-Info.plist */,
				E0D5482B243D8AF7009A9E27 /* LaunchScreen.storyboard */,
				E0D5482E243D8AF7009A9E27 /* Info.plist */,
				E0D54826243D8AF6009A9E27 /* pocketMM.xcdatamodeld */,
			);
			path = pocketMM;
			sourceTree = "<group>";
		};
		E0D54836243D8AF7009A9E27 /* pocketMMTests */ = {
			isa = PBXGroup;
			children = (
				E0D54837243D8AF7009A9E27 /* pocketMMTests.swift */,
				E0D54839243D8AF7009A9E27 /* Info.plist */,
			);
			path = pocketMMTests;
			sourceTree = "<group>";
		};
		E0D54841243D8AF7009A9E27 /* pocketMMUITests */ = {
			isa = PBXGroup;
			children = (
				E0D54842243D8AF7009A9E27 /* pocketMMUITests.swift */,
				E0D54844243D8AF7009A9E27 /* Info.plist */,
			);
			path = pocketMMUITests;
			sourceTree = "<group>";
		};
/* End PBXGroup section */

/* Begin PBXNativeTarget section */
		E0D5481B243D8AF6009A9E27 /* pocketMM */ = {
			isa = PBXNativeTarget;
			buildConfigurationList = E0D54847243D8AF7009A9E27 /* Build configuration list for PBXNativeTarget "pocketMM" */;
			buildPhases = (
				5B00BC768C0F59FC338E983D /* [CP] Check Pods Manifest.lock */,
				E0D54818243D8AF6009A9E27 /* Sources */,
				E0D54819243D8AF6009A9E27 /* Frameworks */,
				E0D5481A243D8AF6009A9E27 /* Resources */,
				DA65AC999464D1899D73CC5A /* [CP] Embed Pods Frameworks */,
				E092DE8A2449CA0D005960FB /* Prepare For Distribution */,
			);
			buildRules = (
			);
			dependencies = (
			);
			name = pocketMM;
			productName = pocketMM;
			productReference = E0D5481C243D8AF6009A9E27 /* pocketMM.app */;
			productType = "com.apple.product-type.application";
		};
		E0D54832243D8AF7009A9E27 /* pocketMMTests */ = {
			isa = PBXNativeTarget;
			buildConfigurationList = E0D5484A243D8AF7009A9E27 /* Build configuration list for PBXNativeTarget "pocketMMTests" */;
			buildPhases = (
				EC77A18B604A2DF6647CD969 /* [CP] Check Pods Manifest.lock */,
				E0D5482F243D8AF7009A9E27 /* Sources */,
				E0D54830243D8AF7009A9E27 /* Frameworks */,
				E0D54831243D8AF7009A9E27 /* Resources */,
			);
			buildRules = (
			);
			dependencies = (
				E0D54835243D8AF7009A9E27 /* PBXTargetDependency */,
			);
			name = pocketMMTests;
			productName = pocketMMTests;
			productReference = E0D54833243D8AF7009A9E27 /* pocketMMTests.xctest */;
			productType = "com.apple.product-type.bundle.unit-test";
		};
		E0D5483D243D8AF7009A9E27 /* pocketMMUITests */ = {
			isa = PBXNativeTarget;
			buildConfigurationList = E0D5484D243D8AF7009A9E27 /* Build configuration list for PBXNativeTarget "pocketMMUITests" */;
			buildPhases = (
				AF695DEDE7C960558C4607C2 /* [CP] Check Pods Manifest.lock */,
				E0D5483A243D8AF7009A9E27 /* Sources */,
				E0D5483B243D8AF7009A9E27 /* Frameworks */,
				E0D5483C243D8AF7009A9E27 /* Resources */,
				1E3C777495B90C05D2BE0F54 /* [CP] Embed Pods Frameworks */,
			);
			buildRules = (
			);
			dependencies = (
				E0D54840243D8AF7009A9E27 /* PBXTargetDependency */,
			);
			name = pocketMMUITests;
			productName = pocketMMUITests;
			productReference = E0D5483E243D8AF7009A9E27 /* pocketMMUITests.xctest */;
			productType = "com.apple.product-type.bundle.ui-testing";
		};
/* End PBXNativeTarget section */

/* Begin PBXProject section */
		E0D54814243D8AF6009A9E27 /* Project object */ = {
			isa = PBXProject;
			attributes = {
				LastSwiftUpdateCheck = 1010;
				LastUpgradeCheck = 1010;
				ORGANIZATIONNAME = NYU;
				TargetAttributes = {
					E0D5481B243D8AF6009A9E27 = {
						CreatedOnToolsVersion = 10.1;
						LastSwiftMigration = 1130;
					};
					E0D54832243D8AF7009A9E27 = {
						CreatedOnToolsVersion = 10.1;
						LastSwiftMigration = 1130;
						TestTargetID = E0D5481B243D8AF6009A9E27;
					};
					E0D5483D243D8AF7009A9E27 = {
						CreatedOnToolsVersion = 10.1;
						LastSwiftMigration = 1130;
						TestTargetID = E0D5481B243D8AF6009A9E27;
					};
				};
			};
			buildConfigurationList = E0D54817243D8AF6009A9E27 /* Build configuration list for PBXProject "pocketMM" */;
			compatibilityVersion = "Xcode 9.3";
			developmentRegion = en;
			hasScannedForEncodings = 0;
			knownRegions = (
				en,
				Base,
			);
			mainGroup = E0D54813243D8AF6009A9E27;
			productRefGroup = E0D5481D243D8AF6009A9E27 /* Products */;
			projectDirPath = "";
			projectRoot = "";
			targets = (
				E0D5481B243D8AF6009A9E27 /* pocketMM */,
				E0D54832243D8AF7009A9E27 /* pocketMMTests */,
				E0D5483D243D8AF7009A9E27 /* pocketMMUITests */,
			);
		};
/* End PBXProject section */

/* Begin PBXResourcesBuildPhase section */
		E0D5481A243D8AF6009A9E27 /* Resources */ = {
			isa = PBXResourcesBuildPhase;
			buildActionMask = 2147483647;
			files = (
				E0D5482D243D8AF7009A9E27 /* LaunchScreen.storyboard in Resources */,
				E0E0D4D32456B7D000852284 /* GoogleService-Info.plist in Resources */,
				E0D5482A243D8AF7009A9E27 /* Assets.xcassets in Resources */,
				E0D54825243D8AF6009A9E27 /* Main.storyboard in Resources */,
			);
			runOnlyForDeploymentPostprocessing = 0;
		};
		E0D54831243D8AF7009A9E27 /* Resources */ = {
			isa = PBXResourcesBuildPhase;
			buildActionMask = 2147483647;
			files = (
			);
			runOnlyForDeploymentPostprocessing = 0;
		};
		E0D5483C243D8AF7009A9E27 /* Resources */ = {
			isa = PBXResourcesBuildPhase;
			buildActionMask = 2147483647;
			files = (
			);
			runOnlyForDeploymentPostprocessing = 0;
		};
/* End PBXResourcesBuildPhase section */

/* Begin PBXShellScriptBuildPhase section */
		1E3C777495B90C05D2BE0F54 /* [CP] Embed Pods Frameworks */ = {
			isa = PBXShellScriptBuildPhase;
			buildActionMask = 2147483647;
			files = (
			);
			inputFileListPaths = (
				"${PODS_ROOT}/Target Support Files/Pods-pocketMM-pocketMMUITests/Pods-pocketMM-pocketMMUITests-frameworks-${CONFIGURATION}-input-files.xcfilelist",
			);
			name = "[CP] Embed Pods Frameworks";
			outputFileListPaths = (
				"${PODS_ROOT}/Target Support Files/Pods-pocketMM-pocketMMUITests/Pods-pocketMM-pocketMMUITests-frameworks-${CONFIGURATION}-output-files.xcfilelist",
			);
			runOnlyForDeploymentPostprocessing = 0;
			shellPath = /bin/sh;
			shellScript = "\"${PODS_ROOT}/Target Support Files/Pods-pocketMM-pocketMMUITests/Pods-pocketMM-pocketMMUITests-frameworks.sh\"\n";
			showEnvVarsInLog = 0;
		};
		5B00BC768C0F59FC338E983D /* [CP] Check Pods Manifest.lock */ = {
			isa = PBXShellScriptBuildPhase;
			buildActionMask = 2147483647;
			files = (
			);
			inputFileListPaths = (
			);
			inputPaths = (
				"${PODS_PODFILE_DIR_PATH}/Podfile.lock",
				"${PODS_ROOT}/Manifest.lock",
			);
			name = "[CP] Check Pods Manifest.lock";
			outputFileListPaths = (
			);
			outputPaths = (
				"$(DERIVED_FILE_DIR)/Pods-pocketMM-checkManifestLockResult.txt",
			);
			runOnlyForDeploymentPostprocessing = 0;
			shellPath = /bin/sh;
			shellScript = "diff \"${PODS_PODFILE_DIR_PATH}/Podfile.lock\" \"${PODS_ROOT}/Manifest.lock\" > /dev/null\nif [ $? != 0 ] ; then\n    # print error to STDERR\n    echo \"error: The sandbox is not in sync with the Podfile.lock. Run 'pod install' or update your CocoaPods installation.\" >&2\n    exit 1\nfi\n# This output is used by Xcode 'outputs' to avoid re-running this script phase.\necho \"SUCCESS\" > \"${SCRIPT_OUTPUT_FILE_0}\"\n";
			showEnvVarsInLog = 0;
		};
		AF695DEDE7C960558C4607C2 /* [CP] Check Pods Manifest.lock */ = {
			isa = PBXShellScriptBuildPhase;
			buildActionMask = 2147483647;
			files = (
			);
			inputFileListPaths = (
			);
			inputPaths = (
				"${PODS_PODFILE_DIR_PATH}/Podfile.lock",
				"${PODS_ROOT}/Manifest.lock",
			);
			name = "[CP] Check Pods Manifest.lock";
			outputFileListPaths = (
			);
			outputPaths = (
				"$(DERIVED_FILE_DIR)/Pods-pocketMM-pocketMMUITests-checkManifestLockResult.txt",
			);
			runOnlyForDeploymentPostprocessing = 0;
			shellPath = /bin/sh;
			shellScript = "diff \"${PODS_PODFILE_DIR_PATH}/Podfile.lock\" \"${PODS_ROOT}/Manifest.lock\" > /dev/null\nif [ $? != 0 ] ; then\n    # print error to STDERR\n    echo \"error: The sandbox is not in sync with the Podfile.lock. Run 'pod install' or update your CocoaPods installation.\" >&2\n    exit 1\nfi\n# This output is used by Xcode 'outputs' to avoid re-running this script phase.\necho \"SUCCESS\" > \"${SCRIPT_OUTPUT_FILE_0}\"\n";
			showEnvVarsInLog = 0;
		};
		DA65AC999464D1899D73CC5A /* [CP] Embed Pods Frameworks */ = {
			isa = PBXShellScriptBuildPhase;
			buildActionMask = 2147483647;
			files = (
			);
			inputFileListPaths = (
				"${PODS_ROOT}/Target Support Files/Pods-pocketMM/Pods-pocketMM-frameworks-${CONFIGURATION}-input-files.xcfilelist",
			);
			name = "[CP] Embed Pods Frameworks";
			outputFileListPaths = (
				"${PODS_ROOT}/Target Support Files/Pods-pocketMM/Pods-pocketMM-frameworks-${CONFIGURATION}-output-files.xcfilelist",
			);
			runOnlyForDeploymentPostprocessing = 0;
			shellPath = /bin/sh;
			shellScript = "\"${PODS_ROOT}/Target Support Files/Pods-pocketMM/Pods-pocketMM-frameworks.sh\"\n";
			showEnvVarsInLog = 0;
		};
		E092DE8A2449CA0D005960FB /* Prepare For Distribution */ = {
			isa = PBXShellScriptBuildPhase;
			buildActionMask = 2147483647;
			files = (
			);
			inputFileListPaths = (
			);
			inputPaths = (
			);
			name = "Prepare For Distribution";
			outputFileListPaths = (
			);
			outputPaths = (
			);
			runOnlyForDeploymentPostprocessing = 0;
			shellPath = /bin/sh;
			shellScript = "LINK_ROOT=${PODS_ROOT:+$PODS_ROOT/Plaid/ios}\ncp \"${LINK_ROOT:-$PROJECT_DIR}\"/LinkKit.framework/prepare_for_distribution.sh \"${CODESIGNING_FOLDER_PATH}\"/Frameworks/LinkKit.framework/prepare_for_distribution.sh\n\"${CODESIGNING_FOLDER_PATH}\"/Frameworks/LinkKit.framework/prepare_for_distribution.sh\n\n";
		};
		EC77A18B604A2DF6647CD969 /* [CP] Check Pods Manifest.lock */ = {
			isa = PBXShellScriptBuildPhase;
			buildActionMask = 2147483647;
			files = (
			);
			inputFileListPaths = (
			);
			inputPaths = (
				"${PODS_PODFILE_DIR_PATH}/Podfile.lock",
				"${PODS_ROOT}/Manifest.lock",
			);
			name = "[CP] Check Pods Manifest.lock";
			outputFileListPaths = (
			);
			outputPaths = (
				"$(DERIVED_FILE_DIR)/Pods-pocketMMTests-checkManifestLockResult.txt",
			);
			runOnlyForDeploymentPostprocessing = 0;
			shellPath = /bin/sh;
			shellScript = "diff \"${PODS_PODFILE_DIR_PATH}/Podfile.lock\" \"${PODS_ROOT}/Manifest.lock\" > /dev/null\nif [ $? != 0 ] ; then\n    # print error to STDERR\n    echo \"error: The sandbox is not in sync with the Podfile.lock. Run 'pod install' or update your CocoaPods installation.\" >&2\n    exit 1\nfi\n# This output is used by Xcode 'outputs' to avoid re-running this script phase.\necho \"SUCCESS\" > \"${SCRIPT_OUTPUT_FILE_0}\"\n";
			showEnvVarsInLog = 0;
		};
/* End PBXShellScriptBuildPhase section */

/* Begin PBXSourcesBuildPhase section */
		E0D54818243D8AF6009A9E27 /* Sources */ = {
			isa = PBXSourcesBuildPhase;
			buildActionMask = 2147483647;
			files = (
				E06E7310245576E900797988 /* GoalPageController.swift in Sources */,
				E06E731824557DDA00797988 /* SettingsController.swift in Sources */,
				E092DE92244A91F2005960FB /* User.swift in Sources */,
				E0E0D4D52456C1F300852284 /* StartPageController.swift in Sources */,
				E06E731224557CA400797988 /* AddGoalController.swift in Sources */,
				E06E730E245571BC00797988 /* MainPageController.swift in Sources */,
				E092DE95244A921C005960FB /* TransactionData.swift in Sources */,
				E0D54822243D8AF6009A9E27 /* CreateUserController.swift in Sources */,
				E06E731424557CF500797988 /* SummaryController.swift in Sources */,
				E092DE97244A9242005960FB /* PlaidAPIManager.swift in Sources */,
				E0D54828243D8AF6009A9E27 /* pocketMM.xcdatamodeld in Sources */,
				E06E731624557DB400797988 /* AlertPageController.swift in Sources */,
				E0D54820243D8AF6009A9E27 /* AppDelegate.swift in Sources */,
				E06E730C24556FF600797988 /* LoginController.swift in Sources */,
			);
			runOnlyForDeploymentPostprocessing = 0;
		};
		E0D5482F243D8AF7009A9E27 /* Sources */ = {
			isa = PBXSourcesBuildPhase;
			buildActionMask = 2147483647;
			files = (
				E0D54838243D8AF7009A9E27 /* pocketMMTests.swift in Sources */,
			);
			runOnlyForDeploymentPostprocessing = 0;
		};
		E0D5483A243D8AF7009A9E27 /* Sources */ = {
			isa = PBXSourcesBuildPhase;
			buildActionMask = 2147483647;
			files = (
				E0D54843243D8AF7009A9E27 /* pocketMMUITests.swift in Sources */,
			);
			runOnlyForDeploymentPostprocessing = 0;
		};
/* End PBXSourcesBuildPhase section */

/* Begin PBXTargetDependency section */
		E0D54835243D8AF7009A9E27 /* PBXTargetDependency */ = {
			isa = PBXTargetDependency;
			target = E0D5481B243D8AF6009A9E27 /* pocketMM */;
			targetProxy = E0D54834243D8AF7009A9E27 /* PBXContainerItemProxy */;
		};
		E0D54840243D8AF7009A9E27 /* PBXTargetDependency */ = {
			isa = PBXTargetDependency;
			target = E0D5481B243D8AF6009A9E27 /* pocketMM */;
			targetProxy = E0D5483F243D8AF7009A9E27 /* PBXContainerItemProxy */;
		};
/* End PBXTargetDependency section */

/* Begin PBXVariantGroup section */
		E0D54823243D8AF6009A9E27 /* Main.storyboard */ = {
			isa = PBXVariantGroup;
			children = (
				E0D54824243D8AF6009A9E27 /* Base */,
			);
			name = Main.storyboard;
			sourceTree = "<group>";
		};
		E0D5482B243D8AF7009A9E27 /* LaunchScreen.storyboard */ = {
			isa = PBXVariantGroup;
			children = (
				E0D5482C243D8AF7009A9E27 /* Base */,
			);
			name = LaunchScreen.storyboard;
			sourceTree = "<group>";
		};
/* End PBXVariantGroup section */

/* Begin XCBuildConfiguration section */
		E0D54845243D8AF7009A9E27 /* Debug */ = {
			isa = XCBuildConfiguration;
			buildSettings = {
				ALWAYS_SEARCH_USER_PATHS = NO;
				CLANG_ANALYZER_NONNULL = YES;
				CLANG_ANALYZER_NUMBER_OBJECT_CONVERSION = YES_AGGRESSIVE;
				CLANG_CXX_LANGUAGE_STANDARD = "gnu++14";
				CLANG_CXX_LIBRARY = "libc++";
				CLANG_ENABLE_MODULES = YES;
				CLANG_ENABLE_OBJC_ARC = YES;
				CLANG_ENABLE_OBJC_WEAK = YES;
				CLANG_WARN_BLOCK_CAPTURE_AUTORELEASING = YES;
				CLANG_WARN_BOOL_CONVERSION = YES;
				CLANG_WARN_COMMA = YES;
				CLANG_WARN_CONSTANT_CONVERSION = YES;
				CLANG_WARN_DEPRECATED_OBJC_IMPLEMENTATIONS = YES;
				CLANG_WARN_DIRECT_OBJC_ISA_USAGE = YES_ERROR;
				CLANG_WARN_DOCUMENTATION_COMMENTS = YES;
				CLANG_WARN_EMPTY_BODY = YES;
				CLANG_WARN_ENUM_CONVERSION = YES;
				CLANG_WARN_INFINITE_RECURSION = YES;
				CLANG_WARN_INT_CONVERSION = YES;
				CLANG_WARN_NON_LITERAL_NULL_CONVERSION = YES;
				CLANG_WARN_OBJC_IMPLICIT_RETAIN_SELF = YES;
				CLANG_WARN_OBJC_LITERAL_CONVERSION = YES;
				CLANG_WARN_OBJC_ROOT_CLASS = YES_ERROR;
				CLANG_WARN_RANGE_LOOP_ANALYSIS = YES;
				CLANG_WARN_STRICT_PROTOTYPES = YES;
				CLANG_WARN_SUSPICIOUS_MOVE = YES;
				CLANG_WARN_UNGUARDED_AVAILABILITY = YES_AGGRESSIVE;
				CLANG_WARN_UNREACHABLE_CODE = YES;
				CLANG_WARN__DUPLICATE_METHOD_MATCH = YES;
				CODE_SIGN_IDENTITY = "iPhone Developer";
				COPY_PHASE_STRIP = NO;
				DEBUG_INFORMATION_FORMAT = dwarf;
				ENABLE_STRICT_OBJC_MSGSEND = YES;
				ENABLE_TESTABILITY = YES;
				GCC_C_LANGUAGE_STANDARD = gnu11;
				GCC_DYNAMIC_NO_PIC = NO;
				GCC_NO_COMMON_BLOCKS = YES;
				GCC_OPTIMIZATION_LEVEL = 0;
				GCC_PREPROCESSOR_DEFINITIONS = (
					"DEBUG=1",
					"$(inherited)",
				);
				GCC_WARN_64_TO_32_BIT_CONVERSION = YES;
				GCC_WARN_ABOUT_RETURN_TYPE = YES_ERROR;
				GCC_WARN_UNDECLARED_SELECTOR = YES;
				GCC_WARN_UNINITIALIZED_AUTOS = YES_AGGRESSIVE;
				GCC_WARN_UNUSED_FUNCTION = YES;
				GCC_WARN_UNUSED_VARIABLE = YES;
				IPHONEOS_DEPLOYMENT_TARGET = 12.1;
				MTL_ENABLE_DEBUG_INFO = INCLUDE_SOURCE;
				MTL_FAST_MATH = YES;
				ONLY_ACTIVE_ARCH = YES;
				SDKROOT = iphoneos;
				SWIFT_ACTIVE_COMPILATION_CONDITIONS = DEBUG;
				SWIFT_OPTIMIZATION_LEVEL = "-Onone";
			};
			name = Debug;
		};
		E0D54846243D8AF7009A9E27 /* Release */ = {
			isa = XCBuildConfiguration;
			buildSettings = {
				ALWAYS_SEARCH_USER_PATHS = NO;
				CLANG_ANALYZER_NONNULL = YES;
				CLANG_ANALYZER_NUMBER_OBJECT_CONVERSION = YES_AGGRESSIVE;
				CLANG_CXX_LANGUAGE_STANDARD = "gnu++14";
				CLANG_CXX_LIBRARY = "libc++";
				CLANG_ENABLE_MODULES = YES;
				CLANG_ENABLE_OBJC_ARC = YES;
				CLANG_ENABLE_OBJC_WEAK = YES;
				CLANG_WARN_BLOCK_CAPTURE_AUTORELEASING = YES;
				CLANG_WARN_BOOL_CONVERSION = YES;
				CLANG_WARN_COMMA = YES;
				CLANG_WARN_CONSTANT_CONVERSION = YES;
				CLANG_WARN_DEPRECATED_OBJC_IMPLEMENTATIONS = YES;
				CLANG_WARN_DIRECT_OBJC_ISA_USAGE = YES_ERROR;
				CLANG_WARN_DOCUMENTATION_COMMENTS = YES;
				CLANG_WARN_EMPTY_BODY = YES;
				CLANG_WARN_ENUM_CONVERSION = YES;
				CLANG_WARN_INFINITE_RECURSION = YES;
				CLANG_WARN_INT_CONVERSION = YES;
				CLANG_WARN_NON_LITERAL_NULL_CONVERSION = YES;
				CLANG_WARN_OBJC_IMPLICIT_RETAIN_SELF = YES;
				CLANG_WARN_OBJC_LITERAL_CONVERSION = YES;
				CLANG_WARN_OBJC_ROOT_CLASS = YES_ERROR;
				CLANG_WARN_RANGE_LOOP_ANALYSIS = YES;
				CLANG_WARN_STRICT_PROTOTYPES = YES;
				CLANG_WARN_SUSPICIOUS_MOVE = YES;
				CLANG_WARN_UNGUARDED_AVAILABILITY = YES_AGGRESSIVE;
				CLANG_WARN_UNREACHABLE_CODE = YES;
				CLANG_WARN__DUPLICATE_METHOD_MATCH = YES;
				CODE_SIGN_IDENTITY = "iPhone Developer";
				COPY_PHASE_STRIP = NO;
				DEBUG_INFORMATION_FORMAT = "dwarf-with-dsym";
				ENABLE_NS_ASSERTIONS = NO;
				ENABLE_STRICT_OBJC_MSGSEND = YES;
				GCC_C_LANGUAGE_STANDARD = gnu11;
				GCC_NO_COMMON_BLOCKS = YES;
				GCC_WARN_64_TO_32_BIT_CONVERSION = YES;
				GCC_WARN_ABOUT_RETURN_TYPE = YES_ERROR;
				GCC_WARN_UNDECLARED_SELECTOR = YES;
				GCC_WARN_UNINITIALIZED_AUTOS = YES_AGGRESSIVE;
				GCC_WARN_UNUSED_FUNCTION = YES;
				GCC_WARN_UNUSED_VARIABLE = YES;
				IPHONEOS_DEPLOYMENT_TARGET = 12.1;
				MTL_ENABLE_DEBUG_INFO = NO;
				MTL_FAST_MATH = YES;
				SDKROOT = iphoneos;
				SWIFT_COMPILATION_MODE = wholemodule;
				SWIFT_OPTIMIZATION_LEVEL = "-O";
				VALIDATE_PRODUCT = YES;
			};
			name = Release;
		};
		E0D54848243D8AF7009A9E27 /* Debug */ = {
			isa = XCBuildConfiguration;
			baseConfigurationReference = 8CBFB78F76700D4DDFEAD25B /* Pods-pocketMM.debug.xcconfig */;
			buildSettings = {
				ASSETCATALOG_COMPILER_APPICON_NAME = AppIcon;
				CODE_SIGN_STYLE = Automatic;
				INFOPLIST_FILE = pocketMM/Info.plist;
				LD_RUNPATH_SEARCH_PATHS = (
					"$(inherited)",
					"@executable_path/Frameworks",
				);
				PLAID_CLIENT_ID = 5e8ea71687c2a20011a44f45;
				PLAID_DEVELOPMENT_SECRET = ef755aea84cb80790a9d58aaa184c7;
				PLAID_PUBLIC_KEY = b2888251190f930f5060759a505ec8;
				PLAID_SANDBOX_SECRET = 409a46449839b637a2fe0868f6e747;
				PRODUCT_BUNDLE_IDENTIFIER = com.nyu.pocketMM;
				PRODUCT_NAME = "$(TARGET_NAME)";
				SWIFT_VERSION = 5.0;
				TARGETED_DEVICE_FAMILY = "1,2";
			};
			name = Debug;
		};
		E0D54849243D8AF7009A9E27 /* Release */ = {
			isa = XCBuildConfiguration;
			baseConfigurationReference = 3B62643BA75F9619EAFAF404 /* Pods-pocketMM.release.xcconfig */;
			buildSettings = {
				ASSETCATALOG_COMPILER_APPICON_NAME = AppIcon;
				CODE_SIGN_STYLE = Automatic;
				INFOPLIST_FILE = pocketMM/Info.plist;
				LD_RUNPATH_SEARCH_PATHS = (
					"$(inherited)",
					"@executable_path/Frameworks",
				);
				PLAID_CLIENT_ID = 5e8ea71687c2a20011a44f45;
				PLAID_DEVELOPMENT_SECRET = ef755aea84cb80790a9d58aaa184c7;
				PLAID_PUBLIC_KEY = b2888251190f930f5060759a505ec8;
				PLAID_SANDBOX_SECRET = 409a46449839b637a2fe0868f6e747;
				PRODUCT_BUNDLE_IDENTIFIER = com.nyu.pocketMM;
				PRODUCT_NAME = "$(TARGET_NAME)";
				SWIFT_VERSION = 5.0;
				TARGETED_DEVICE_FAMILY = "1,2";
			};
			name = Release;
		};
		E0D5484B243D8AF7009A9E27 /* Debug */ = {
			isa = XCBuildConfiguration;
			baseConfigurationReference = B54FA31A9C6289ED2B8A4271 /* Pods-pocketMMTests.debug.xcconfig */;
			buildSettings = {
				ALWAYS_EMBED_SWIFT_STANDARD_LIBRARIES = YES;
				BUNDLE_LOADER = "$(TEST_HOST)";
				CODE_SIGN_STYLE = Automatic;
				INFOPLIST_FILE = pocketMMTests/Info.plist;
				LD_RUNPATH_SEARCH_PATHS = (
					"$(inherited)",
					"@executable_path/Frameworks",
					"@loader_path/Frameworks",
				);
				PRODUCT_BUNDLE_IDENTIFIER = com.nyu.pocketMMTests;
				PRODUCT_NAME = "$(TARGET_NAME)";
				SWIFT_VERSION = 5.0;
				TARGETED_DEVICE_FAMILY = "1,2";
				TEST_HOST = "$(BUILT_PRODUCTS_DIR)/pocketMM.app/pocketMM";
			};
			name = Debug;
		};
		E0D5484C243D8AF7009A9E27 /* Release */ = {
			isa = XCBuildConfiguration;
			baseConfigurationReference = A32105EE0DA9DD46B64FEC63 /* Pods-pocketMMTests.release.xcconfig */;
			buildSettings = {
				ALWAYS_EMBED_SWIFT_STANDARD_LIBRARIES = YES;
				BUNDLE_LOADER = "$(TEST_HOST)";
				CODE_SIGN_STYLE = Automatic;
				INFOPLIST_FILE = pocketMMTests/Info.plist;
				LD_RUNPATH_SEARCH_PATHS = (
					"$(inherited)",
					"@executable_path/Frameworks",
					"@loader_path/Frameworks",
				);
				PRODUCT_BUNDLE_IDENTIFIER = com.nyu.pocketMMTests;
				PRODUCT_NAME = "$(TARGET_NAME)";
				SWIFT_VERSION = 5.0;
				TARGETED_DEVICE_FAMILY = "1,2";
				TEST_HOST = "$(BUILT_PRODUCTS_DIR)/pocketMM.app/pocketMM";
			};
			name = Release;
		};
		E0D5484E243D8AF7009A9E27 /* Debug */ = {
			isa = XCBuildConfiguration;
			baseConfigurationReference = C683C415D5ADE767F0056B16 /* Pods-pocketMM-pocketMMUITests.debug.xcconfig */;
			buildSettings = {
				ALWAYS_EMBED_SWIFT_STANDARD_LIBRARIES = YES;
				CODE_SIGN_STYLE = Automatic;
				INFOPLIST_FILE = pocketMMUITests/Info.plist;
				LD_RUNPATH_SEARCH_PATHS = (
					"$(inherited)",
					"@executable_path/Frameworks",
					"@loader_path/Frameworks",
				);
				PRODUCT_BUNDLE_IDENTIFIER = com.nyu.pocketMMUITests;
				PRODUCT_NAME = "$(TARGET_NAME)";
				SWIFT_VERSION = 5.0;
				TARGETED_DEVICE_FAMILY = "1,2";
				TEST_TARGET_NAME = pocketMM;
			};
			name = Debug;
		};
		E0D5484F243D8AF7009A9E27 /* Release */ = {
			isa = XCBuildConfiguration;
			baseConfigurationReference = 3CB1C3EDD3E45532BFAA731A /* Pods-pocketMM-pocketMMUITests.release.xcconfig */;
			buildSettings = {
				ALWAYS_EMBED_SWIFT_STANDARD_LIBRARIES = YES;
				CODE_SIGN_STYLE = Automatic;
				INFOPLIST_FILE = pocketMMUITests/Info.plist;
				LD_RUNPATH_SEARCH_PATHS = (
					"$(inherited)",
					"@executable_path/Frameworks",
					"@loader_path/Frameworks",
				);
				PRODUCT_BUNDLE_IDENTIFIER = com.nyu.pocketMMUITests;
				PRODUCT_NAME = "$(TARGET_NAME)";
				SWIFT_VERSION = 5.0;
				TARGETED_DEVICE_FAMILY = "1,2";
				TEST_TARGET_NAME = pocketMM;
			};
			name = Release;
		};
/* End XCBuildConfiguration section */

/* Begin XCConfigurationList section */
		E0D54817243D8AF6009A9E27 /* Build configuration list for PBXProject "pocketMM" */ = {
			isa = XCConfigurationList;
			buildConfigurations = (
				E0D54845243D8AF7009A9E27 /* Debug */,
				E0D54846243D8AF7009A9E27 /* Release */,
			);
			defaultConfigurationIsVisible = 0;
			defaultConfigurationName = Release;
		};
		E0D54847243D8AF7009A9E27 /* Build configuration list for PBXNativeTarget "pocketMM" */ = {
			isa = XCConfigurationList;
			buildConfigurations = (
				E0D54848243D8AF7009A9E27 /* Debug */,
				E0D54849243D8AF7009A9E27 /* Release */,
			);
			defaultConfigurationIsVisible = 0;
			defaultConfigurationName = Release;
		};
		E0D5484A243D8AF7009A9E27 /* Build configuration list for PBXNativeTarget "pocketMMTests" */ = {
			isa = XCConfigurationList;
			buildConfigurations = (
				E0D5484B243D8AF7009A9E27 /* Debug */,
				E0D5484C243D8AF7009A9E27 /* Release */,
			);
			defaultConfigurationIsVisible = 0;
			defaultConfigurationName = Release;
		};
		E0D5484D243D8AF7009A9E27 /* Build configuration list for PBXNativeTarget "pocketMMUITests" */ = {
			isa = XCConfigurationList;
			buildConfigurations = (
				E0D5484E243D8AF7009A9E27 /* Debug */,
				E0D5484F243D8AF7009A9E27 /* Release */,
			);
			defaultConfigurationIsVisible = 0;
			defaultConfigurationName = Release;
		};
/* End XCConfigurationList section */

/* Begin XCVersionGroup section */
		E0D54826243D8AF6009A9E27 /* pocketMM.xcdatamodeld */ = {
			isa = XCVersionGroup;
			children = (
				E0D54827243D8AF6009A9E27 /* pocketMM.xcdatamodel */,
			);
			currentVersion = E0D54827243D8AF6009A9E27 /* pocketMM.xcdatamodel */;
			path = pocketMM.xcdatamodeld;
			sourceTree = "<group>";
			versionGroupType = wrapper.xcdatamodel;
		};
/* End XCVersionGroup section */
	};
	rootObject = E0D54814243D8AF6009A9E27 /* Project object */;
}
